{
    "_readme": [
        "This file locks the dependencies of your project to a known state",
        "Read more about it at https://getcomposer.org/doc/01-basic-usage.md#installing-dependencies",
        "This file is @generated automatically"
    ],
    "content-hash": "e98e903027e8251296120778c4b81601",
    "packages": [
        {
            "name": "jadu/pulsar",
            "version": "dev-CMS/galaxies-statics",
            "source": {
                "type": "git",
                "url": "https://github.com/jadu/pulsar.git",
                "reference": "ad1c591ec15d649809065814d61680d22f8d276d"
            },
            "dist": {
                "type": "zip",
                "url": "https://api.github.com/repos/jadu/pulsar/zipball/ad1c591ec15d649809065814d61680d22f8d276d",
                "reference": "ad1c591ec15d649809065814d61680d22f8d276d",
                "shasum": "",
                "mirrors": [
                    {
                        "url": "https://repo-packagist.hq.jadu.net/jadu/dists/%package%/%version%/%reference%.%type%",
                        "preferred": true
                    }
                ]
            },
            "require": {
                "twig/twig": "^1.21"
            },
            "require-dev": {
                "phpunit/phpunit": "*",
                "symfony/yaml": "*"
            },
            "type": "library",
            "autoload": {
                "psr-0": {
                    "Jadu\\Pulsar": "src"
                }
            },
            "notification-url": "https://repo-packagist.hq.jadu.net/jadu/downloads/",
            "license": [
                "MIT"
            ],
            "description": "The User Experience and Interface framework for the Jadu Continuum Platform",
            "time": "2017-11-10T10:41:20+00:00"
        },
        {
            "name": "jadu/pulsar-fonts",
            "version": "0.0.3",
            "source": {
                "type": "git",
                "url": "https://gitlab.hq.jadu.net/pulsar/pulsar-fonts.git",
                "reference": "8b6b6112e22beccb699e7e42e61346ef83ff73bc"
            },
            "dist": {
                "type": "zip",
                "url": "https://repo-packagist.hq.jadu.net/jadu/dists/jadu/pulsar-fonts/0.0.3.0/8b6b6112e22beccb699e7e42e61346ef83ff73bc.zip",
                "reference": "8b6b6112e22beccb699e7e42e61346ef83ff73bc",
                "shasum": null,
                "mirrors": [
                    {
                        "url": "https://repo-packagist.hq.jadu.net/jadu/dists/%package%/%version%/%reference%.%type%",
                        "preferred": true
                    }
                ]
            },
            "type": "library",
            "notification-url": "https://repo-packagist.hq.jadu.net/jadu/downloads/",
            "time": "2016-01-19T13:55:55+00:00"
        },
        {
            "name": "symfony/polyfill-ctype",
            "version": "v1.8.0",
            "source": {
                "type": "git",
                "url": "https://github.com/symfony/polyfill-ctype.git",
                "reference": "7cc359f1b7b80fc25ed7796be7d96adc9b354bae"
            },
            "dist": {
                "type": "zip",
                "url": "https://api.github.com/repos/symfony/polyfill-ctype/zipball/7cc359f1b7b80fc25ed7796be7d96adc9b354bae",
                "reference": "7cc359f1b7b80fc25ed7796be7d96adc9b354bae",
                "shasum": "",
                "mirrors": [
                    {
                        "url": "https://repo-packagist.hq.jadu.net/jadu/dists/%package%/%version%/%reference%.%type%",
                        "preferred": true
                    }
                ]
            },
            "require": {
                "php": ">=5.3.3"
            },
            "type": "library",
            "extra": {
                "branch-alias": {
                    "dev-master": "1.8-dev"
                }
            },
            "autoload": {
                "psr-4": {
                    "Symfony\\Polyfill\\Ctype\\": ""
                },
                "files": [
                    "bootstrap.php"
                ]
            },
            "notification-url": "https://repo-packagist.hq.jadu.net/jadu/downloads/",
            "license": [
                "MIT"
            ],
            "authors": [
                {
                    "name": "Gert de Pagter",
                    "email": "BackEndTea@gmail.com"
                },
                {
                    "name": "Symfony Community",
                    "homepage": "https://symfony.com/contributors"
                }
            ],
            "description": "Symfony polyfill for ctype functions",
            "homepage": "https://symfony.com",
            "keywords": [
                "compatibility",
                "ctype",
                "polyfill",
                "portable"
            ],
            "support": {
                "source": "https://github.com/symfony/polyfill-ctype/tree/v1.8.0"
            },
            "time": "2018-04-30T19:57:29+00:00"
        },
        {
            "name": "twig/twig",
            "version": "v1.35.4",
            "source": {
                "type": "git",
                "url": "https://github.com/twigphp/Twig.git",
                "reference": "7e081e98378a1e78c29cc9eba4aefa5d78a05d2a"
            },
            "dist": {
                "type": "zip",
                "url": "https://api.github.com/repos/twigphp/Twig/zipball/7e081e98378a1e78c29cc9eba4aefa5d78a05d2a",
                "reference": "7e081e98378a1e78c29cc9eba4aefa5d78a05d2a",
                "shasum": "",
                "mirrors": [
                    {
                        "url": "https://repo-packagist.hq.jadu.net/jadu/dists/%package%/%version%/%reference%.%type%",
                        "preferred": true
                    }
                ]
            },
            "require": {
                "php": ">=5.3.3",
                "symfony/polyfill-ctype": "^1.8"
            },
            "require-dev": {
                "psr/container": "^1.0",
                "symfony/debug": "^2.7",
                "symfony/phpunit-bridge": "^3.3"
            },
            "type": "library",
            "extra": {
                "branch-alias": {
                    "dev-master": "1.35-dev"
                }
            },
            "autoload": {
                "psr-0": {
                    "Twig_": "lib/"
                },
                "psr-4": {
                    "Twig\\": "src/"
                }
            },
            "notification-url": "https://repo-packagist.hq.jadu.net/jadu/downloads/",
            "license": [
                "BSD-3-Clause"
            ],
            "authors": [
                {
                    "name": "Fabien Potencier",
                    "email": "fabien@symfony.com",
                    "homepage": "http://fabien.potencier.org",
                    "role": "Lead Developer"
                },
                {
                    "name": "Armin Ronacher",
                    "email": "armin.ronacher@active-4.com",
                    "role": "Project Founder"
                },
                {
                    "name": "Twig Team",
                    "homepage": "https://twig.symfony.com/contributors",
                    "role": "Contributors"
                }
            ],
            "description": "Twig, the flexible, fast, and secure template language for PHP",
            "homepage": "https://twig.symfony.com",
            "keywords": [
                "templating"
            ],
            "time": "2018-07-13T07:12:17+00:00"
        }
    ],
    "packages-dev": [],
    "aliases": [],
    "minimum-stability": "stable",
    "stability-flags": {
        "jadu/pulsar": 20
    },
    "prefer-stable": false,
    "prefer-lowest": false,
    "platform": [],
    "platform-dev": []
}
